# This file is automatically @generated by Poetry 1.5.4 and should not be changed by hand.

[[package]]
name = "clear"
version = "2.0.0"
description = "A cross-platform Python module that provides a clear() function which clears the terminal. That's all."
optional = false
python-versions = "*"
files = [
    {file = "clear-2.0.0.tar.gz", hash = "sha256:fd6d42575ed65063edef3c46e65aa1b3fc05a144dc1691ba62033ffc35f46368"},
]

[metadata]
lock-version = "2.0"
python-versions = "^3.10"
content-hash = "740820fcd856cfaae0e6f4c953138b5308e0930b39afba27e35e81b21fa9fcdb"
